
Microsoft Visual Studio Solution File, Format Version 12.00
# Visual Studio Version 17
VisualStudioVersion = 17.3.32804.467
MinimumVisualStudioVersion = 10.0.40219.1
Project("{FAE04EC0-301F-11D3-BF4B-00C04F79EFBC}") = "BlazorGameStore.Server", "BlazorGameStore\Server\BlazorGameStore.Server.csproj", "{5392FDB0-EF59-4790-B3AC-A91BA7F0361C}"
EndProject
Project("{FAE04EC0-301F-11D3-BF4B-00C04F79EFBC}") = "BlazorGameStore.Client", "BlazorGameStore\Client\BlazorGameStore.Client.csproj", "{E5451A1A-9B8D-4905-88F3-4DEA99446B2E}"
EndProject
Project("{FAE04EC0-301F-11D3-BF4B-00C04F79EFBC}") = "BlazorGameStore.Shared", "BlazorGameStore\Shared\BlazorGameStore.Shared.csproj", "{6E7B7E8C-4604-48E9-92F3-1770EA9D0875}"
EndProject
Global
	GlobalSection(SolutionConfigurationPlatforms) = preSolution
		Debug|Any CPU = Debug|Any CPU
		Release|Any CPU = Release|Any CPU
	EndGlobalSection
	GlobalSection(ProjectConfigurationPlatforms) = postSolution
		{5392FDB0-EF59-4790-B3AC-A91BA7F0361C}.Debug|Any CPU.ActiveCfg = Debug|Any CPU
		{5392FDB0-EF59-4790-B3AC-A91BA7F0361C}.Debug|Any CPU.Build.0 = Debug|Any CPU
		{5392FDB0-EF59-4790-B3AC-A91BA7F0361C}.Release|Any CPU.ActiveCfg = Release|Any CPU
		{5392FDB0-EF59-4790-B3AC-A91BA7F0361C}.Release|Any CPU.Build.0 = Release|Any CPU
		{E5451A1A-9B8D-4905-88F3-4DEA99446B2E}.Debug|Any CPU.ActiveCfg = Debug|Any CPU
		{E5451A1A-9B8D-4905-88F3-4DEA99446B2E}.Debug|Any CPU.Build.0 = Debug|Any CPU
		{E5451A1A-9B8D-4905-88F3-4DEA99446B2E}.Release|Any CPU.ActiveCfg = Release|Any CPU
		{E5451A1A-9B8D-4905-88F3-4DEA99446B2E}.Release|Any CPU.Build.0 = Release|Any CPU
		{6E7B7E8C-4604-48E9-92F3-1770EA9D0875}.Debug|Any CPU.ActiveCfg = Debug|Any CPU
		{6E7B7E8C-4604-48E9-92F3-1770EA9D0875}.Debug|Any CPU.Build.0 = Debug|Any CPU
		{6E7B7E8C-4604-48E9-92F3-1770EA9D0875}.Release|Any CPU.ActiveCfg = Release|Any CPU
		{6E7B7E8C-4604-48E9-92F3-1770EA9D0875}.Release|Any CPU.Build.0 = Release|Any CPU
	EndGlobalSection
	GlobalSection(SolutionProperties) = preSolution
		HideSolutionNode = FALSE
	EndGlobalSection
	GlobalSection(ExtensibilityGlobals) = postSolution
		SolutionGuid = {9E72B810-C17D-4459-B234-E8F33D9E0C3E}
	EndGlobalSection
EndGlobal
